
Microsoft Visual Studio Solution File, Format Version 12.00
# Visual Studio Version 17
VisualStudioVersion = 17.9.34728.123
MinimumVisualStudioVersion = 10.0.40219.1
Project("{9A19103F-16F7-4668-BE54-9A1E7A4F7556}") = "PureMatch", "PureMatch\PureMatch.csproj", "{7EF6C40C-3333-40B6-B483-D25E10AFBA14}"
EndProject
Project("{FAE04EC0-301F-11D3-BF4B-00C04F79EFBC}") = "PureLib", "PureLib\PureLib.csproj", "{A70D78D7-4A28-4527-8DC1-BB20A33A7658}"
EndProject
Global
	GlobalSection(SolutionConfigurationPlatforms) = preSolution
		Debug|Any CPU = Debug|Any CPU
		Release|Any CPU = Release|Any CPU
	EndGlobalSection
	GlobalSection(ProjectConfigurationPlatforms) = postSolution
		{7EF6C40C-3333-40B6-B483-D25E10AFBA14}.Debug|Any CPU.ActiveCfg = Debug|Any CPU
		{7EF6C40C-3333-40B6-B483-D25E10AFBA14}.Debug|Any CPU.Build.0 = Debug|Any CPU
		{7EF6C40C-3333-40B6-B483-D25E10AFBA14}.Release|Any CPU.ActiveCfg = Release|Any CPU
		{7EF6C40C-3333-40B6-B483-D25E10AFBA14}.Release|Any CPU.Build.0 = Release|Any CPU
		{A70D78D7-4A28-4527-8DC1-BB20A33A7658}.Debug|Any CPU.ActiveCfg = Debug|Any CPU
		{A70D78D7-4A28-4527-8DC1-BB20A33A7658}.Debug|Any CPU.Build.0 = Debug|Any CPU
		{A70D78D7-4A28-4527-8DC1-BB20A33A7658}.Release|Any CPU.ActiveCfg = Release|Any CPU
		{A70D78D7-4A28-4527-8DC1-BB20A33A7658}.Release|Any CPU.Build.0 = Release|Any CPU
	EndGlobalSection
	GlobalSection(SolutionProperties) = preSolution
		HideSolutionNode = FALSE
	EndGlobalSection
	GlobalSection(ExtensibilityGlobals) = postSolution
		SolutionGuid = {31DE12B2-4290-41BE-B4C3-59B2FF45C85F}
	EndGlobalSection
EndGlobal
